
Microsoft Visual Studio Solution File, Format Version 12.00
# Visual Studio Version 17
VisualStudioVersion = 17.0.31903.59
MinimumVisualStudioVersion = 10.0.40219.1
Project("{2150E333-8FDC-42A3-9474-1A3956D46DE8}") = "src", "src", "{827E0CD3-B72D-47B6-A68D-7590B98EB39B}"
EndProject
Project("{FAE04EC0-301F-11D3-BF4B-00C04F79EFBC}") = "Domain", "src\Domain\Domain.csproj", "{18A5B8C2-3651-4894-B696-4B9AA1287CFD}"
EndProject
Project("{FAE04EC0-301F-11D3-BF4B-00C04F79EFBC}") = "Infrastructure", "src\Infrastructure\Infrastructure.csproj", "{BEF15FC8-4719-4B4D-A331-F8358471ED71}"
EndProject
Project("{FAE04EC0-301F-11D3-BF4B-00C04F79EFBC}") = "Application", "src\Application\Application.csproj", "{8807137D-7140-44FB-BB86-1016B7E522F4}"
EndProject
Project("{FAE04EC0-301F-11D3-BF4B-00C04F79EFBC}") = "WebApi", "src\WebApi\WebApi.csproj", "{FACAC764-76A6-4F26-A48C-D40CB2CE2CF4}"
EndProject
Project("{2150E333-8FDC-42A3-9474-1A3956D46DE8}") = "tests", "tests", "{CEA09484-30F6-4D44-02F6-822E06DBC57C}"
EndProject
Project("{FAE04EC0-301F-11D3-BF4B-00C04F79EFBC}") = "Application.Tests", "src\tests\Application.Tests\Application.Tests.csproj", "{CC807CEA-0575-413F-BFB6-3256251FA567}"
EndProject
Global
	GlobalSection(SolutionConfigurationPlatforms) = preSolution
		Debug|Any CPU = Debug|Any CPU
		Debug|x64 = Debug|x64
		Debug|x86 = Debug|x86
		Release|Any CPU = Release|Any CPU
		Release|x64 = Release|x64
		Release|x86 = Release|x86
	EndGlobalSection
	GlobalSection(ProjectConfigurationPlatforms) = postSolution
		{18A5B8C2-3651-4894-B696-4B9AA1287CFD}.Debug|Any CPU.ActiveCfg = Debug|Any CPU
		{18A5B8C2-3651-4894-B696-4B9AA1287CFD}.Debug|Any CPU.Build.0 = Debug|Any CPU
		{18A5B8C2-3651-4894-B696-4B9AA1287CFD}.Debug|x64.ActiveCfg = Debug|Any CPU
		{18A5B8C2-3651-4894-B696-4B9AA1287CFD}.Debug|x64.Build.0 = Debug|Any CPU
		{18A5B8C2-3651-4894-B696-4B9AA1287CFD}.Debug|x86.ActiveCfg = Debug|Any CPU
		{18A5B8C2-3651-4894-B696-4B9AA1287CFD}.Debug|x86.Build.0 = Debug|Any CPU
		{18A5B8C2-3651-4894-B696-4B9AA1287CFD}.Release|Any CPU.ActiveCfg = Release|Any CPU
		{18A5B8C2-3651-4894-B696-4B9AA1287CFD}.Release|Any CPU.Build.0 = Release|Any CPU
		{18A5B8C2-3651-4894-B696-4B9AA1287CFD}.Release|x64.ActiveCfg = Release|Any CPU
		{18A5B8C2-3651-4894-B696-4B9AA1287CFD}.Release|x64.Build.0 = Release|Any CPU
		{18A5B8C2-3651-4894-B696-4B9AA1287CFD}.Release|x86.ActiveCfg = Release|Any CPU
		{18A5B8C2-3651-4894-B696-4B9AA1287CFD}.Release|x86.Build.0 = Release|Any CPU
		{BEF15FC8-4719-4B4D-A331-F8358471ED71}.Debug|Any CPU.ActiveCfg = Debug|Any CPU
		{BEF15FC8-4719-4B4D-A331-F8358471ED71}.Debug|Any CPU.Build.0 = Debug|Any CPU
		{BEF15FC8-4719-4B4D-A331-F8358471ED71}.Debug|x64.ActiveCfg = Debug|Any CPU
		{BEF15FC8-4719-4B4D-A331-F8358471ED71}.Debug|x64.Build.0 = Debug|Any CPU
		{BEF15FC8-4719-4B4D-A331-F8358471ED71}.Debug|x86.ActiveCfg = Debug|Any CPU
		{BEF15FC8-4719-4B4D-A331-F8358471ED71}.Debug|x86.Build.0 = Debug|Any CPU
		{BEF15FC8-4719-4B4D-A331-F8358471ED71}.Release|Any CPU.ActiveCfg = Release|Any CPU
		{BEF15FC8-4719-4B4D-A331-F8358471ED71}.Release|Any CPU.Build.0 = Release|Any CPU
		{BEF15FC8-4719-4B4D-A331-F8358471ED71}.Release|x64.ActiveCfg = Release|Any CPU
		{BEF15FC8-4719-4B4D-A331-F8358471ED71}.Release|x64.Build.0 = Release|Any CPU
		{BEF15FC8-4719-4B4D-A331-F8358471ED71}.Release|x86.ActiveCfg = Release|Any CPU
		{BEF15FC8-4719-4B4D-A331-F8358471ED71}.Release|x86.Build.0 = Release|Any CPU
		{8807137D-7140-44FB-BB86-1016B7E522F4}.Debug|Any CPU.ActiveCfg = Debug|Any CPU
		{8807137D-7140-44FB-BB86-1016B7E522F4}.Debug|Any CPU.Build.0 = Debug|Any CPU
		{8807137D-7140-44FB-BB86-1016B7E522F4}.Debug|x64.ActiveCfg = Debug|Any CPU
		{8807137D-7140-44FB-BB86-1016B7E522F4}.Debug|x64.Build.0 = Debug|Any CPU
		{8807137D-7140-44FB-BB86-1016B7E522F4}.Debug|x86.ActiveCfg = Debug|Any CPU
		{8807137D-7140-44FB-BB86-1016B7E522F4}.Debug|x86.Build.0 = Debug|Any CPU
		{8807137D-7140-44FB-BB86-1016B7E522F4}.Release|Any CPU.ActiveCfg = Release|Any CPU
		{8807137D-7140-44FB-BB86-1016B7E522F4}.Release|Any CPU.Build.0 = Release|Any CPU
		{8807137D-7140-44FB-BB86-1016B7E522F4}.Release|x64.ActiveCfg = Release|Any CPU
		{8807137D-7140-44FB-BB86-1016B7E522F4}.Release|x64.Build.0 = Release|Any CPU
		{8807137D-7140-44FB-BB86-1016B7E522F4}.Release|x86.ActiveCfg = Release|Any CPU
		{8807137D-7140-44FB-BB86-1016B7E522F4}.Release|x86.Build.0 = Release|Any CPU
		{FACAC764-76A6-4F26-A48C-D40CB2CE2CF4}.Debug|Any CPU.ActiveCfg = Debug|Any CPU
		{FACAC764-76A6-4F26-A48C-D40CB2CE2CF4}.Debug|Any CPU.Build.0 = Debug|Any CPU
		{FACAC764-76A6-4F26-A48C-D40CB2CE2CF4}.Debug|x64.ActiveCfg = Debug|Any CPU
		{FACAC764-76A6-4F26-A48C-D40CB2CE2CF4}.Debug|x64.Build.0 = Debug|Any CPU
		{FACAC764-76A6-4F26-A48C-D40CB2CE2CF4}.Debug|x86.ActiveCfg = Debug|Any CPU
		{FACAC764-76A6-4F26-A48C-D40CB2CE2CF4}.Debug|x86.Build.0 = Debug|Any CPU
		{FACAC764-76A6-4F26-A48C-D40CB2CE2CF4}.Release|Any CPU.ActiveCfg = Release|Any CPU
		{FACAC764-76A6-4F26-A48C-D40CB2CE2CF4}.Release|Any CPU.Build.0 = Release|Any CPU
		{FACAC764-76A6-4F26-A48C-D40CB2CE2CF4}.Release|x64.ActiveCfg = Release|Any CPU
		{FACAC764-76A6-4F26-A48C-D40CB2CE2CF4}.Release|x64.Build.0 = Release|Any CPU
		{FACAC764-76A6-4F26-A48C-D40CB2CE2CF4}.Release|x86.ActiveCfg = Release|Any CPU
		{FACAC764-76A6-4F26-A48C-D40CB2CE2CF4}.Release|x86.Build.0 = Release|Any CPU
		{CC807CEA-0575-413F-BFB6-3256251FA567}.Debug|Any CPU.ActiveCfg = Debug|Any CPU
		{CC807CEA-0575-413F-BFB6-3256251FA567}.Debug|Any CPU.Build.0 = Debug|Any CPU
		{CC807CEA-0575-413F-BFB6-3256251FA567}.Debug|x64.ActiveCfg = Debug|Any CPU
		{CC807CEA-0575-413F-BFB6-3256251FA567}.Debug|x64.Build.0 = Debug|Any CPU
		{CC807CEA-0575-413F-BFB6-3256251FA567}.Debug|x86.ActiveCfg = Debug|Any CPU
		{CC807CEA-0575-413F-BFB6-3256251FA567}.Debug|x86.Build.0 = Debug|Any CPU
		{CC807CEA-0575-413F-BFB6-3256251FA567}.Release|Any CPU.ActiveCfg = Release|Any CPU
		{CC807CEA-0575-413F-BFB6-3256251FA567}.Release|Any CPU.Build.0 = Release|Any CPU
		{CC807CEA-0575-413F-BFB6-3256251FA567}.Release|x64.ActiveCfg = Release|Any CPU
		{CC807CEA-0575-413F-BFB6-3256251FA567}.Release|x64.Build.0 = Release|Any CPU
		{CC807CEA-0575-413F-BFB6-3256251FA567}.Release|x86.ActiveCfg = Release|Any CPU
		{CC807CEA-0575-413F-BFB6-3256251FA567}.Release|x86.Build.0 = Release|Any CPU
	EndGlobalSection
	GlobalSection(SolutionProperties) = preSolution
		HideSolutionNode = FALSE
	EndGlobalSection
	GlobalSection(NestedProjects) = preSolution
		{18A5B8C2-3651-4894-B696-4B9AA1287CFD} = {827E0CD3-B72D-47B6-A68D-7590B98EB39B}
		{BEF15FC8-4719-4B4D-A331-F8358471ED71} = {827E0CD3-B72D-47B6-A68D-7590B98EB39B}
		{8807137D-7140-44FB-BB86-1016B7E522F4} = {827E0CD3-B72D-47B6-A68D-7590B98EB39B}
		{FACAC764-76A6-4F26-A48C-D40CB2CE2CF4} = {827E0CD3-B72D-47B6-A68D-7590B98EB39B}
		{CEA09484-30F6-4D44-02F6-822E06DBC57C} = {827E0CD3-B72D-47B6-A68D-7590B98EB39B}
		{CC807CEA-0575-413F-BFB6-3256251FA567} = {CEA09484-30F6-4D44-02F6-822E06DBC57C}
	EndGlobalSection
EndGlobal
